
Microsoft Visual Studio Solution File, Format Version 12.00
# Visual Studio Version 16
VisualStudioVersion = 16.0.30225.117
MinimumVisualStudioVersion = 10.0.40219.1
Project("{FAE04EC0-301F-11D3-BF4B-00C04F79EFBC}") = "AdoNet1", "AdoNet1\AdoNet1.csproj", "{F5663E02-B320-42F4-8263-A481C082322A}"
EndProject
Global
	GlobalSection(SolutionConfigurationPlatforms) = preSolution
		Debug|Any CPU = Debug|Any CPU
		Release|Any CPU = Release|Any CPU
	EndGlobalSection
	GlobalSection(ProjectConfigurationPlatforms) = postSolution
		{F5663E02-B320-42F4-8263-A481C082322A}.Debug|Any CPU.ActiveCfg = Debug|Any CPU
		{F5663E02-B320-42F4-8263-A481C082322A}.Debug|Any CPU.Build.0 = Debug|Any CPU
		{F5663E02-B320-42F4-8263-A481C082322A}.Release|Any CPU.ActiveCfg = Release|Any CPU
		{F5663E02-B320-42F4-8263-A481C082322A}.Release|Any CPU.Build.0 = Release|Any CPU
	EndGlobalSection
	GlobalSection(SolutionProperties) = preSolution
		HideSolutionNode = FALSE
	EndGlobalSection
	GlobalSection(ExtensibilityGlobals) = postSolution
		SolutionGuid = {0CF6C9CD-D102-4935-9572-929DB88D8213}
	EndGlobalSection
EndGlobal
